
Microsoft Visual Studio Solution File, Format Version 12.00
# Visual Studio Version 17
VisualStudioVersion = 17.3.32929.385
MinimumVisualStudioVersion = 10.0.40219.1
Project("{2150E333-8FDC-42A3-9474-1A3956D46DE8}") = "Services", "Services", "{46A28238-A016-492E-9FFB-E4E227492717}"
EndProject
Project("{2150E333-8FDC-42A3-9474-1A3956D46DE8}") = "Common", "Common", "{D3C7C6E1-1776-4AED-B262-3FA68E9FEC9F}"
EndProject
Project("{2150E333-8FDC-42A3-9474-1A3956D46DE8}") = "Collector", "Collector", "{93DF025F-40CB-493F-AF06-2F42822F0496}"
EndProject
Project("{9A19103F-16F7-4668-BE54-9A1E7A4F7556}") = "CoingeckoCollector", "Services\Collector\CoingeckoCollector\CoingeckoCollector.csproj", "{94E750BB-A780-4397-8079-164F444B0857}"
EndProject
Project("{2150E333-8FDC-42A3-9474-1A3956D46DE8}") = "Api", "Api", "{942CC2F9-F554-4636-885D-AEE24A215372}"
EndProject
Project("{E53339B2-1760-4266-BCC7-CA923CBCF16C}") = "docker-compose", "docker-compose.dcproj", "{CB9746E3-C48A-4B55-BF5C-32D4F3D27139}"
EndProject
Project("{9A19103F-16F7-4668-BE54-9A1E7A4F7556}") = "CoingeckoPrices.WebApi", "Services\CoingeckoPrices.WebApi\CoingeckoPrices.WebApi.csproj", "{20FD6913-ADF6-45AB-9082-2F447C798C09}"
EndProject
Project("{9A19103F-16F7-4668-BE54-9A1E7A4F7556}") = "Common", "Common\Common\Common.csproj", "{A1799B9C-971A-4461-B4FB-0176351F48C7}"
EndProject
Project("{9A19103F-16F7-4668-BE54-9A1E7A4F7556}") = "Coingecko.Api", "Common\Api\Coingecko.Api\Coingecko.Api.csproj", "{7FE0341E-1181-4572-A618-F5BF80C4710F}"
EndProject
Project("{9A19103F-16F7-4668-BE54-9A1E7A4F7556}") = "Coingecko.Api.Contracts", "Common\Api\Coingecko.Api.Contracts\Coingecko.Api.Contracts.csproj", "{6F4458FC-1915-4E22-BBF3-0389C8ED61B2}"
EndProject
Project("{9A19103F-16F7-4668-BE54-9A1E7A4F7556}") = "Configuration", "Common\Configuration\Configuration.csproj", "{DFCD3FC8-5222-446E-9F49-7DD58FEAB137}"
EndProject
Project("{2150E333-8FDC-42A3-9474-1A3956D46DE8}") = "MessageBroker", "MessageBroker", "{6703E9C7-E46C-4DD4-9685-E73D1759EE7F}"
EndProject
Project("{9A19103F-16F7-4668-BE54-9A1E7A4F7556}") = "Kafka", "Common\MessageBroker\Kafka\Kafka.csproj", "{8E220A1F-E947-4C6F-922F-273EFBB5D330}"
EndProject
Project("{9A19103F-16F7-4668-BE54-9A1E7A4F7556}") = "MessageBroker.Contracts", "Common\MessageBroker\MessageBroker.Contracts\MessageBroker.Contracts.csproj", "{1600177E-90C7-4CB8-A51C-B9C0366EA5D9}"
EndProject
Project("{9A19103F-16F7-4668-BE54-9A1E7A4F7556}") = "Kafka.Subscriber", "Common\MessageBroker\Kafka.Subscriber\Kafka.Subscriber.csproj", "{9F7DB2F5-E2AC-4F77-9510-41B8343AFE9B}"
EndProject
Project("{9A19103F-16F7-4668-BE54-9A1E7A4F7556}") = "Coingecko.Events.Contracts", "Common\MessageBroker\Coingecko.Events.Contracts\Coingecko.Events.Contracts.csproj", "{342DC0C7-30D6-42DF-A36A-A91D849CEEE0}"
EndProject
Global
	GlobalSection(SolutionConfigurationPlatforms) = preSolution
		Debug|Any CPU = Debug|Any CPU
		Release|Any CPU = Release|Any CPU
	EndGlobalSection
	GlobalSection(ProjectConfigurationPlatforms) = postSolution
		{94E750BB-A780-4397-8079-164F444B0857}.Debug|Any CPU.ActiveCfg = Debug|Any CPU
		{94E750BB-A780-4397-8079-164F444B0857}.Debug|Any CPU.Build.0 = Debug|Any CPU
		{94E750BB-A780-4397-8079-164F444B0857}.Release|Any CPU.ActiveCfg = Release|Any CPU
		{94E750BB-A780-4397-8079-164F444B0857}.Release|Any CPU.Build.0 = Release|Any CPU
		{CB9746E3-C48A-4B55-BF5C-32D4F3D27139}.Debug|Any CPU.ActiveCfg = Debug|Any CPU
		{CB9746E3-C48A-4B55-BF5C-32D4F3D27139}.Debug|Any CPU.Build.0 = Debug|Any CPU
		{CB9746E3-C48A-4B55-BF5C-32D4F3D27139}.Release|Any CPU.ActiveCfg = Release|Any CPU
		{CB9746E3-C48A-4B55-BF5C-32D4F3D27139}.Release|Any CPU.Build.0 = Release|Any CPU
		{20FD6913-ADF6-45AB-9082-2F447C798C09}.Debug|Any CPU.ActiveCfg = Debug|Any CPU
		{20FD6913-ADF6-45AB-9082-2F447C798C09}.Debug|Any CPU.Build.0 = Debug|Any CPU
		{20FD6913-ADF6-45AB-9082-2F447C798C09}.Release|Any CPU.ActiveCfg = Release|Any CPU
		{20FD6913-ADF6-45AB-9082-2F447C798C09}.Release|Any CPU.Build.0 = Release|Any CPU
		{A1799B9C-971A-4461-B4FB-0176351F48C7}.Debug|Any CPU.ActiveCfg = Debug|Any CPU
		{A1799B9C-971A-4461-B4FB-0176351F48C7}.Debug|Any CPU.Build.0 = Debug|Any CPU
		{A1799B9C-971A-4461-B4FB-0176351F48C7}.Release|Any CPU.ActiveCfg = Release|Any CPU
		{A1799B9C-971A-4461-B4FB-0176351F48C7}.Release|Any CPU.Build.0 = Release|Any CPU
		{7FE0341E-1181-4572-A618-F5BF80C4710F}.Debug|Any CPU.ActiveCfg = Debug|Any CPU
		{7FE0341E-1181-4572-A618-F5BF80C4710F}.Debug|Any CPU.Build.0 = Debug|Any CPU
		{7FE0341E-1181-4572-A618-F5BF80C4710F}.Release|Any CPU.ActiveCfg = Release|Any CPU
		{7FE0341E-1181-4572-A618-F5BF80C4710F}.Release|Any CPU.Build.0 = Release|Any CPU
		{6F4458FC-1915-4E22-BBF3-0389C8ED61B2}.Debug|Any CPU.ActiveCfg = Debug|Any CPU
		{6F4458FC-1915-4E22-BBF3-0389C8ED61B2}.Debug|Any CPU.Build.0 = Debug|Any CPU
		{6F4458FC-1915-4E22-BBF3-0389C8ED61B2}.Release|Any CPU.ActiveCfg = Release|Any CPU
		{6F4458FC-1915-4E22-BBF3-0389C8ED61B2}.Release|Any CPU.Build.0 = Release|Any CPU
		{DFCD3FC8-5222-446E-9F49-7DD58FEAB137}.Debug|Any CPU.ActiveCfg = Debug|Any CPU
		{DFCD3FC8-5222-446E-9F49-7DD58FEAB137}.Debug|Any CPU.Build.0 = Debug|Any CPU
		{DFCD3FC8-5222-446E-9F49-7DD58FEAB137}.Release|Any CPU.ActiveCfg = Release|Any CPU
		{DFCD3FC8-5222-446E-9F49-7DD58FEAB137}.Release|Any CPU.Build.0 = Release|Any CPU
		{8E220A1F-E947-4C6F-922F-273EFBB5D330}.Debug|Any CPU.ActiveCfg = Debug|Any CPU
		{8E220A1F-E947-4C6F-922F-273EFBB5D330}.Debug|Any CPU.Build.0 = Debug|Any CPU
		{8E220A1F-E947-4C6F-922F-273EFBB5D330}.Release|Any CPU.ActiveCfg = Release|Any CPU
		{8E220A1F-E947-4C6F-922F-273EFBB5D330}.Release|Any CPU.Build.0 = Release|Any CPU
		{1600177E-90C7-4CB8-A51C-B9C0366EA5D9}.Debug|Any CPU.ActiveCfg = Debug|Any CPU
		{1600177E-90C7-4CB8-A51C-B9C0366EA5D9}.Debug|Any CPU.Build.0 = Debug|Any CPU
		{1600177E-90C7-4CB8-A51C-B9C0366EA5D9}.Release|Any CPU.ActiveCfg = Release|Any CPU
		{1600177E-90C7-4CB8-A51C-B9C0366EA5D9}.Release|Any CPU.Build.0 = Release|Any CPU
		{9F7DB2F5-E2AC-4F77-9510-41B8343AFE9B}.Debug|Any CPU.ActiveCfg = Debug|Any CPU
		{9F7DB2F5-E2AC-4F77-9510-41B8343AFE9B}.Debug|Any CPU.Build.0 = Debug|Any CPU
		{9F7DB2F5-E2AC-4F77-9510-41B8343AFE9B}.Release|Any CPU.ActiveCfg = Release|Any CPU
		{9F7DB2F5-E2AC-4F77-9510-41B8343AFE9B}.Release|Any CPU.Build.0 = Release|Any CPU
		{342DC0C7-30D6-42DF-A36A-A91D849CEEE0}.Debug|Any CPU.ActiveCfg = Debug|Any CPU
		{342DC0C7-30D6-42DF-A36A-A91D849CEEE0}.Debug|Any CPU.Build.0 = Debug|Any CPU
		{342DC0C7-30D6-42DF-A36A-A91D849CEEE0}.Release|Any CPU.ActiveCfg = Release|Any CPU
		{342DC0C7-30D6-42DF-A36A-A91D849CEEE0}.Release|Any CPU.Build.0 = Release|Any CPU
	EndGlobalSection
	GlobalSection(SolutionProperties) = preSolution
		HideSolutionNode = FALSE
	EndGlobalSection
	GlobalSection(NestedProjects) = preSolution
		{93DF025F-40CB-493F-AF06-2F42822F0496} = {46A28238-A016-492E-9FFB-E4E227492717}
		{94E750BB-A780-4397-8079-164F444B0857} = {93DF025F-40CB-493F-AF06-2F42822F0496}
		{942CC2F9-F554-4636-885D-AEE24A215372} = {D3C7C6E1-1776-4AED-B262-3FA68E9FEC9F}
		{20FD6913-ADF6-45AB-9082-2F447C798C09} = {46A28238-A016-492E-9FFB-E4E227492717}
		{A1799B9C-971A-4461-B4FB-0176351F48C7} = {D3C7C6E1-1776-4AED-B262-3FA68E9FEC9F}
		{7FE0341E-1181-4572-A618-F5BF80C4710F} = {942CC2F9-F554-4636-885D-AEE24A215372}
		{6F4458FC-1915-4E22-BBF3-0389C8ED61B2} = {942CC2F9-F554-4636-885D-AEE24A215372}
		{DFCD3FC8-5222-446E-9F49-7DD58FEAB137} = {D3C7C6E1-1776-4AED-B262-3FA68E9FEC9F}
		{6703E9C7-E46C-4DD4-9685-E73D1759EE7F} = {D3C7C6E1-1776-4AED-B262-3FA68E9FEC9F}
		{8E220A1F-E947-4C6F-922F-273EFBB5D330} = {6703E9C7-E46C-4DD4-9685-E73D1759EE7F}
		{1600177E-90C7-4CB8-A51C-B9C0366EA5D9} = {6703E9C7-E46C-4DD4-9685-E73D1759EE7F}
		{9F7DB2F5-E2AC-4F77-9510-41B8343AFE9B} = {6703E9C7-E46C-4DD4-9685-E73D1759EE7F}
		{342DC0C7-30D6-42DF-A36A-A91D849CEEE0} = {6703E9C7-E46C-4DD4-9685-E73D1759EE7F}
	EndGlobalSection
	GlobalSection(ExtensibilityGlobals) = postSolution
		SolutionGuid = {9CA19980-AB8E-444B-81BE-615193425566}
	EndGlobalSection
EndGlobal
